<Solution>
  <Folder Name="/src/">
    <Project Path="src/Spiceport.Api/Spiceport.Api.csproj" />
    <Project Path="src/Spiceport.Core/Spiceport.Core.csproj" />
    <Project Path="src/Spiceport.Datastore/Spiceport.Datastore.csproj" />
    <Project Path="src/Spiceport.Protos/Spiceport.Protos.csproj" />
    <Project Path="src/Spiceport.Server/Spiceport.Server.csproj" />
    <Project Path="src/Spiceport.Silo/Spiceport.Silo.csproj" />
  </Folder>
  <Folder Name="/tests/">
    <Project Path="tests/Spiceport.Conformance.Tests/Spiceport.Conformance.Tests.csproj" />
    <Project Path="tests/Spiceport.Core.Tests/Spiceport.Core.Tests.csproj" />
    <Project Path="tests/Spiceport.Datastore.Tests/Spiceport.Datastore.Tests.csproj" />
    <Project Path="tests/Spiceport.Differential.Tests/Spiceport.Differential.Tests.csproj" />
    <Project Path="tests/Spiceport.Engine.Tests/Spiceport.Engine.Tests.csproj" />
    <Project Path="tests/Spiceport.Grains.Tests/Spiceport.Grains.Tests.csproj" />
    <Project Path="tests/Spiceport.Schema.Tests/Spiceport.Schema.Tests.csproj" />
  </Folder>
  <Folder Name="/tools/">
    <Project Path="tools/Spiceport.Bench/Spiceport.Bench.csproj" />
    <Project Path="tools/Spiceport.RigSilo/Spiceport.RigSilo.csproj" />
  </Folder>
</Solution>
